
Microsoft Visual Studio Solution File, Format Version 12.00
# Visual Studio Version 16
VisualStudioVersion = 16.0.29020.237
MinimumVisualStudioVersion = 10.0.40219.1
Project("{FAE04EC0-301F-11D3-BF4B-00C04F79EFBC}") = "VehicleParkingProject", "VehicleParkingProject\VehicleParkingProject.csproj", "{0C78C53C-65BD-4AEF-A915-7E3F51464F8F}"
EndProject
Project("{FAE04EC0-301F-11D3-BF4B-00C04F79EFBC}") = "ParkingServices", "ParkingServices\ParkingServices.csproj", "{C00B0D18-2A28-4783-9C21-5F2E44106BD9}"
EndProject
Project("{FAE04EC0-301F-11D3-BF4B-00C04F79EFBC}") = "VehicleParkingEntities", "VehicleParkingEntities\VehicleParkingEntities.csproj", "{A1039BEA-E254-4D96-BB51-7F33D96604F6}"
EndProject
Global
	GlobalSection(SolutionConfigurationPlatforms) = preSolution
		Debug|Any CPU = Debug|Any CPU
		Release|Any CPU = Release|Any CPU
	EndGlobalSection
	GlobalSection(ProjectConfigurationPlatforms) = postSolution
		{0C78C53C-65BD-4AEF-A915-7E3F51464F8F}.Debug|Any CPU.ActiveCfg = Debug|Any CPU
		{0C78C53C-65BD-4AEF-A915-7E3F51464F8F}.Debug|Any CPU.Build.0 = Debug|Any CPU
		{0C78C53C-65BD-4AEF-A915-7E3F51464F8F}.Release|Any CPU.ActiveCfg = Release|Any CPU
		{0C78C53C-65BD-4AEF-A915-7E3F51464F8F}.Release|Any CPU.Build.0 = Release|Any CPU
		{C00B0D18-2A28-4783-9C21-5F2E44106BD9}.Debug|Any CPU.ActiveCfg = Debug|Any CPU
		{C00B0D18-2A28-4783-9C21-5F2E44106BD9}.Debug|Any CPU.Build.0 = Debug|Any CPU
		{C00B0D18-2A28-4783-9C21-5F2E44106BD9}.Release|Any CPU.ActiveCfg = Release|Any CPU
		{C00B0D18-2A28-4783-9C21-5F2E44106BD9}.Release|Any CPU.Build.0 = Release|Any CPU
		{A1039BEA-E254-4D96-BB51-7F33D96604F6}.Debug|Any CPU.ActiveCfg = Debug|Any CPU
		{A1039BEA-E254-4D96-BB51-7F33D96604F6}.Debug|Any CPU.Build.0 = Debug|Any CPU
		{A1039BEA-E254-4D96-BB51-7F33D96604F6}.Release|Any CPU.ActiveCfg = Release|Any CPU
		{A1039BEA-E254-4D96-BB51-7F33D96604F6}.Release|Any CPU.Build.0 = Release|Any CPU
	EndGlobalSection
	GlobalSection(SolutionProperties) = preSolution
		HideSolutionNode = FALSE
	EndGlobalSection
	GlobalSection(ExtensibilityGlobals) = postSolution
		SolutionGuid = {10AEBBDC-6A20-4399-844B-91703464AFA7}
	EndGlobalSection
EndGlobal
